
Microsoft Visual Studio Solution File, Format Version 12.00
# Visual Studio Version 17
VisualStudioVersion = 17.6.33723.286
MinimumVisualStudioVersion = 10.0.40219.1
Project("{FAE04EC0-301F-11D3-BF4B-00C04F79EFBC}") = "L014_Classes", "L014_Classes.csproj", "{046A44DC-7176-440A-A302-6CFB5649F286}"
EndProject
Global
	GlobalSection(SolutionConfigurationPlatforms) = preSolution
		Debug|Any CPU = Debug|Any CPU
		Release|Any CPU = Release|Any CPU
	EndGlobalSection
	GlobalSection(ProjectConfigurationPlatforms) = postSolution
		{046A44DC-7176-440A-A302-6CFB5649F286}.Debug|Any CPU.ActiveCfg = Debug|Any CPU
		{046A44DC-7176-440A-A302-6CFB5649F286}.Debug|Any CPU.Build.0 = Debug|Any CPU
		{046A44DC-7176-440A-A302-6CFB5649F286}.Release|Any CPU.ActiveCfg = Release|Any CPU
		{046A44DC-7176-440A-A302-6CFB5649F286}.Release|Any CPU.Build.0 = Release|Any CPU
	EndGlobalSection
	GlobalSection(SolutionProperties) = preSolution
		HideSolutionNode = FALSE
	EndGlobalSection
	GlobalSection(ExtensibilityGlobals) = postSolution
		SolutionGuid = {5E278C7B-17D2-48ED-B6DB-BC747E9CD681}
	EndGlobalSection
EndGlobal
