
Microsoft Visual Studio Solution File, Format Version 12.00
# Visual Studio Version 17
VisualStudioVersion = 17.6.33723.286
MinimumVisualStudioVersion = 10.0.40219.1
Project("{FAE04EC0-301F-11D3-BF4B-00C04F79EFBC}") = "L015_Constructors", "L015_Constructors.csproj", "{B584BC71-C149-4083-B0D6-5CDCC7755E86}"
EndProject
Global
	GlobalSection(SolutionConfigurationPlatforms) = preSolution
		Debug|Any CPU = Debug|Any CPU
		Release|Any CPU = Release|Any CPU
	EndGlobalSection
	GlobalSection(ProjectConfigurationPlatforms) = postSolution
		{B584BC71-C149-4083-B0D6-5CDCC7755E86}.Debug|Any CPU.ActiveCfg = Debug|Any CPU
		{B584BC71-C149-4083-B0D6-5CDCC7755E86}.Debug|Any CPU.Build.0 = Debug|Any CPU
		{B584BC71-C149-4083-B0D6-5CDCC7755E86}.Release|Any CPU.ActiveCfg = Release|Any CPU
		{B584BC71-C149-4083-B0D6-5CDCC7755E86}.Release|Any CPU.Build.0 = Release|Any CPU
	EndGlobalSection
	GlobalSection(SolutionProperties) = preSolution
		HideSolutionNode = FALSE
	EndGlobalSection
	GlobalSection(ExtensibilityGlobals) = postSolution
		SolutionGuid = {229CA6FB-739A-4C02-A352-870E9E15B572}
	EndGlobalSection
EndGlobal
