
Microsoft Visual Studio Solution File, Format Version 12.00
# Visual Studio Version 17
VisualStudioVersion = 17.6.33723.286
MinimumVisualStudioVersion = 10.0.40219.1
Project("{FAE04EC0-301F-11D3-BF4B-00C04F79EFBC}") = "L025_Structures", "L025_Structures.csproj", "{56C39C7D-0846-4F04-8E07-36A8A536583F}"
EndProject
Global
	GlobalSection(SolutionConfigurationPlatforms) = preSolution
		Debug|Any CPU = Debug|Any CPU
		Release|Any CPU = Release|Any CPU
	EndGlobalSection
	GlobalSection(ProjectConfigurationPlatforms) = postSolution
		{56C39C7D-0846-4F04-8E07-36A8A536583F}.Debug|Any CPU.ActiveCfg = Debug|Any CPU
		{56C39C7D-0846-4F04-8E07-36A8A536583F}.Debug|Any CPU.Build.0 = Debug|Any CPU
		{56C39C7D-0846-4F04-8E07-36A8A536583F}.Release|Any CPU.ActiveCfg = Release|Any CPU
		{56C39C7D-0846-4F04-8E07-36A8A536583F}.Release|Any CPU.Build.0 = Release|Any CPU
	EndGlobalSection
	GlobalSection(SolutionProperties) = preSolution
		HideSolutionNode = FALSE
	EndGlobalSection
	GlobalSection(ExtensibilityGlobals) = postSolution
		SolutionGuid = {95406925-781D-402F-AC2A-73617DCD41F3}
	EndGlobalSection
EndGlobal
