
Microsoft Visual Studio Solution File, Format Version 12.00
# Visual Studio Version 17
VisualStudioVersion = 17.6.33723.286
MinimumVisualStudioVersion = 10.0.40219.1
Project("{FAE04EC0-301F-11D3-BF4B-00C04F79EFBC}") = "L008_ Loop", "L008_ Loop.csproj", "{04EC7A7D-3C4B-48EA-B39C-633A1C3C73A1}"
EndProject
Global
	GlobalSection(SolutionConfigurationPlatforms) = preSolution
		Debug|Any CPU = Debug|Any CPU
		Release|Any CPU = Release|Any CPU
	EndGlobalSection
	GlobalSection(ProjectConfigurationPlatforms) = postSolution
		{04EC7A7D-3C4B-48EA-B39C-633A1C3C73A1}.Debug|Any CPU.ActiveCfg = Debug|Any CPU
		{04EC7A7D-3C4B-48EA-B39C-633A1C3C73A1}.Debug|Any CPU.Build.0 = Debug|Any CPU
		{04EC7A7D-3C4B-48EA-B39C-633A1C3C73A1}.Release|Any CPU.ActiveCfg = Release|Any CPU
		{04EC7A7D-3C4B-48EA-B39C-633A1C3C73A1}.Release|Any CPU.Build.0 = Release|Any CPU
	EndGlobalSection
	GlobalSection(SolutionProperties) = preSolution
		HideSolutionNode = FALSE
	EndGlobalSection
	GlobalSection(ExtensibilityGlobals) = postSolution
		SolutionGuid = {28853E59-EB0B-467F-B08F-82A3ED3E0C7B}
	EndGlobalSection
EndGlobal
