
Microsoft Visual Studio Solution File, Format Version 12.00
# Visual Studio Version 17
VisualStudioVersion = 17.6.33723.286
MinimumVisualStudioVersion = 10.0.40219.1
Project("{FAE04EC0-301F-11D3-BF4B-00C04F79EFBC}") = "L024_Enum", "L024_Enum.csproj", "{71BB2FA8-8391-4449-A4A4-23560C4FAF55}"
EndProject
Global
	GlobalSection(SolutionConfigurationPlatforms) = preSolution
		Debug|Any CPU = Debug|Any CPU
		Release|Any CPU = Release|Any CPU
	EndGlobalSection
	GlobalSection(ProjectConfigurationPlatforms) = postSolution
		{71BB2FA8-8391-4449-A4A4-23560C4FAF55}.Debug|Any CPU.ActiveCfg = Debug|Any CPU
		{71BB2FA8-8391-4449-A4A4-23560C4FAF55}.Debug|Any CPU.Build.0 = Debug|Any CPU
		{71BB2FA8-8391-4449-A4A4-23560C4FAF55}.Release|Any CPU.ActiveCfg = Release|Any CPU
		{71BB2FA8-8391-4449-A4A4-23560C4FAF55}.Release|Any CPU.Build.0 = Release|Any CPU
	EndGlobalSection
	GlobalSection(SolutionProperties) = preSolution
		HideSolutionNode = FALSE
	EndGlobalSection
	GlobalSection(ExtensibilityGlobals) = postSolution
		SolutionGuid = {1CD1D00C-7E8B-42C0-98C8-6A708F4F3D97}
	EndGlobalSection
EndGlobal
