
Microsoft Visual Studio Solution File, Format Version 12.00
# Visual Studio Version 17
VisualStudioVersion = 17.6.33723.286
MinimumVisualStudioVersion = 10.0.40219.1
Project("{FAE04EC0-301F-11D3-BF4B-00C04F79EFBC}") = "L021_Abstract_ClassesMethodsProperties", "L021_Abstract_ClassesMethodsProperties.csproj", "{C2DEF9A2-929C-4B54-BA28-04EF0F543617}"
EndProject
Global
	GlobalSection(SolutionConfigurationPlatforms) = preSolution
		Debug|Any CPU = Debug|Any CPU
		Release|Any CPU = Release|Any CPU
	EndGlobalSection
	GlobalSection(ProjectConfigurationPlatforms) = postSolution
		{C2DEF9A2-929C-4B54-BA28-04EF0F543617}.Debug|Any CPU.ActiveCfg = Debug|Any CPU
		{C2DEF9A2-929C-4B54-BA28-04EF0F543617}.Debug|Any CPU.Build.0 = Debug|Any CPU
		{C2DEF9A2-929C-4B54-BA28-04EF0F543617}.Release|Any CPU.ActiveCfg = Release|Any CPU
		{C2DEF9A2-929C-4B54-BA28-04EF0F543617}.Release|Any CPU.Build.0 = Release|Any CPU
	EndGlobalSection
	GlobalSection(SolutionProperties) = preSolution
		HideSolutionNode = FALSE
	EndGlobalSection
	GlobalSection(ExtensibilityGlobals) = postSolution
		SolutionGuid = {818D08E9-179D-4A12-BC9A-90DFD01B6F70}
	EndGlobalSection
EndGlobal
