
Microsoft Visual Studio Solution File, Format Version 12.00
# Visual Studio Version 17
VisualStudioVersion = 17.6.33723.286
MinimumVisualStudioVersion = 10.0.40219.1
Project("{FAE04EC0-301F-11D3-BF4B-00C04F79EFBC}") = "L005_ArithmeticOperations", "L005_ArithmeticOperations.csproj", "{B921768D-E5E1-4ADF-B886-F0083CC061BF}"
EndProject
Global
	GlobalSection(SolutionConfigurationPlatforms) = preSolution
		Debug|Any CPU = Debug|Any CPU
		Release|Any CPU = Release|Any CPU
	EndGlobalSection
	GlobalSection(ProjectConfigurationPlatforms) = postSolution
		{B921768D-E5E1-4ADF-B886-F0083CC061BF}.Debug|Any CPU.ActiveCfg = Debug|Any CPU
		{B921768D-E5E1-4ADF-B886-F0083CC061BF}.Debug|Any CPU.Build.0 = Debug|Any CPU
		{B921768D-E5E1-4ADF-B886-F0083CC061BF}.Release|Any CPU.ActiveCfg = Release|Any CPU
		{B921768D-E5E1-4ADF-B886-F0083CC061BF}.Release|Any CPU.Build.0 = Release|Any CPU
	EndGlobalSection
	GlobalSection(SolutionProperties) = preSolution
		HideSolutionNode = FALSE
	EndGlobalSection
	GlobalSection(ExtensibilityGlobals) = postSolution
		SolutionGuid = {3FDE61F7-4A2C-4EC8-AAF2-CC918BA94AE4}
	EndGlobalSection
EndGlobal
