
Microsoft Visual Studio Solution File, Format Version 12.00
# Visual Studio Version 17
VisualStudioVersion = 17.6.33723.286
MinimumVisualStudioVersion = 10.0.40219.1
Project("{FAE04EC0-301F-11D3-BF4B-00C04F79EFBC}") = "L020_VirtualMethods", "L020_VirtualMethods.csproj", "{33642F33-06CD-4E74-BC39-F623272FEA7D}"
EndProject
Global
	GlobalSection(SolutionConfigurationPlatforms) = preSolution
		Debug|Any CPU = Debug|Any CPU
		Release|Any CPU = Release|Any CPU
	EndGlobalSection
	GlobalSection(ProjectConfigurationPlatforms) = postSolution
		{33642F33-06CD-4E74-BC39-F623272FEA7D}.Debug|Any CPU.ActiveCfg = Debug|Any CPU
		{33642F33-06CD-4E74-BC39-F623272FEA7D}.Debug|Any CPU.Build.0 = Debug|Any CPU
		{33642F33-06CD-4E74-BC39-F623272FEA7D}.Release|Any CPU.ActiveCfg = Release|Any CPU
		{33642F33-06CD-4E74-BC39-F623272FEA7D}.Release|Any CPU.Build.0 = Release|Any CPU
	EndGlobalSection
	GlobalSection(SolutionProperties) = preSolution
		HideSolutionNode = FALSE
	EndGlobalSection
	GlobalSection(ExtensibilityGlobals) = postSolution
		SolutionGuid = {94D8F9A3-9A6A-48E6-AA29-55ECEFE7F071}
	EndGlobalSection
EndGlobal
